
Microsoft Visual Studio Solution File, Format Version 12.00
# Visual Studio Version 17
VisualStudioVersion = 17.3.32901.215
MinimumVisualStudioVersion = 10.0.40219.1
Project("{FAE04EC0-301F-11D3-BF4B-00C04F79EFBC}") = "Mhub 5.0", "Mhub 5.0\Mhub 5.0.csproj", "{B63658F7-94B1-4CA9-BDD3-77CF753876DA}"
EndProject
Global
	GlobalSection(SolutionConfigurationPlatforms) = preSolution
		Debug|Any CPU = Debug|Any CPU
		Release|Any CPU = Release|Any CPU
	EndGlobalSection
	GlobalSection(ProjectConfigurationPlatforms) = postSolution
		{B63658F7-94B1-4CA9-BDD3-77CF753876DA}.Debug|Any CPU.ActiveCfg = Debug|Any CPU
		{B63658F7-94B1-4CA9-BDD3-77CF753876DA}.Debug|Any CPU.Build.0 = Debug|Any CPU
		{B63658F7-94B1-4CA9-BDD3-77CF753876DA}.Release|Any CPU.ActiveCfg = Release|Any CPU
		{B63658F7-94B1-4CA9-BDD3-77CF753876DA}.Release|Any CPU.Build.0 = Release|Any CPU
	EndGlobalSection
	GlobalSection(SolutionProperties) = preSolution
		HideSolutionNode = FALSE
	EndGlobalSection
	GlobalSection(ExtensibilityGlobals) = postSolution
		SolutionGuid = {BE295B6F-7D68-44EC-A1F7-D0815DCEFD4F}
	EndGlobalSection
EndGlobal
